
Microsoft Visual Studio Solution File, Format Version 12.00
# Visual Studio Version 17
VisualStudioVersion = 17.4.33122.133
MinimumVisualStudioVersion = 10.0.40219.1
Project("{9A19103F-16F7-4668-BE54-9A1E7A4F7556}") = "AcervoDomain", "AcervoDomain\AcervoDomain.csproj", "{8257F68D-DA90-4713-94B7-CF738B3ECD77}"
EndProject
Project("{2150E333-8FDC-42A3-9474-1A3956D46DE8}") = "DDD", "DDD", "{86B7C527-0674-4E4A-A369-E0C3C1CC9B31}"
EndProject
Project("{2150E333-8FDC-42A3-9474-1A3956D46DE8}") = "Repository", "Repository", "{3E025359-CE0A-4FB7-8A57-6988A19E8128}"
EndProject
Project("{9A19103F-16F7-4668-BE54-9A1E7A4F7556}") = "Repository", "Repository\Repository.csproj", "{786F422B-C60C-4096-AA56-6845256C0188}"
EndProject
Project("{2150E333-8FDC-42A3-9474-1A3956D46DE8}") = "Service", "Service", "{3E98DC2B-3465-493C-B048-5A2BAD68D1B5}"
EndProject
Project("{9A19103F-16F7-4668-BE54-9A1E7A4F7556}") = "Service", "Service\Service.csproj", "{43BEF24E-467E-4A80-9E76-FE48EF259852}"
EndProject
Project("{2150E333-8FDC-42A3-9474-1A3956D46DE8}") = "Testes", "Testes", "{7BE8B65C-3199-448A-97C3-448BD410905D}"
EndProject
Project("{9A19103F-16F7-4668-BE54-9A1E7A4F7556}") = "Test", "Test\Test.csproj", "{FA6D17FA-9017-489D-A999-E7A869BFF07D}"
EndProject
Project("{2150E333-8FDC-42A3-9474-1A3956D46DE8}") = "App", "App", "{DE510BB6-3F90-4EB5-8B36-CE8CB3E85826}"
EndProject
Project("{9A19103F-16F7-4668-BE54-9A1E7A4F7556}") = "AcervoApp", "AcervoApp\AcervoApp.csproj", "{9F717B3C-AE8D-4FDB-8906-B9A18C8BF223}"
EndProject
Global
	GlobalSection(SolutionConfigurationPlatforms) = preSolution
		Debug|Any CPU = Debug|Any CPU
		Release|Any CPU = Release|Any CPU
	EndGlobalSection
	GlobalSection(ProjectConfigurationPlatforms) = postSolution
		{8257F68D-DA90-4713-94B7-CF738B3ECD77}.Debug|Any CPU.ActiveCfg = Debug|Any CPU
		{8257F68D-DA90-4713-94B7-CF738B3ECD77}.Debug|Any CPU.Build.0 = Debug|Any CPU
		{8257F68D-DA90-4713-94B7-CF738B3ECD77}.Release|Any CPU.ActiveCfg = Release|Any CPU
		{8257F68D-DA90-4713-94B7-CF738B3ECD77}.Release|Any CPU.Build.0 = Release|Any CPU
		{786F422B-C60C-4096-AA56-6845256C0188}.Debug|Any CPU.ActiveCfg = Debug|Any CPU
		{786F422B-C60C-4096-AA56-6845256C0188}.Debug|Any CPU.Build.0 = Debug|Any CPU
		{786F422B-C60C-4096-AA56-6845256C0188}.Release|Any CPU.ActiveCfg = Release|Any CPU
		{786F422B-C60C-4096-AA56-6845256C0188}.Release|Any CPU.Build.0 = Release|Any CPU
		{43BEF24E-467E-4A80-9E76-FE48EF259852}.Debug|Any CPU.ActiveCfg = Debug|Any CPU
		{43BEF24E-467E-4A80-9E76-FE48EF259852}.Debug|Any CPU.Build.0 = Debug|Any CPU
		{43BEF24E-467E-4A80-9E76-FE48EF259852}.Release|Any CPU.ActiveCfg = Release|Any CPU
		{43BEF24E-467E-4A80-9E76-FE48EF259852}.Release|Any CPU.Build.0 = Release|Any CPU
		{FA6D17FA-9017-489D-A999-E7A869BFF07D}.Debug|Any CPU.ActiveCfg = Debug|Any CPU
		{FA6D17FA-9017-489D-A999-E7A869BFF07D}.Debug|Any CPU.Build.0 = Debug|Any CPU
		{FA6D17FA-9017-489D-A999-E7A869BFF07D}.Release|Any CPU.ActiveCfg = Release|Any CPU
		{FA6D17FA-9017-489D-A999-E7A869BFF07D}.Release|Any CPU.Build.0 = Release|Any CPU
		{9F717B3C-AE8D-4FDB-8906-B9A18C8BF223}.Debug|Any CPU.ActiveCfg = Debug|Any CPU
		{9F717B3C-AE8D-4FDB-8906-B9A18C8BF223}.Debug|Any CPU.Build.0 = Debug|Any CPU
		{9F717B3C-AE8D-4FDB-8906-B9A18C8BF223}.Release|Any CPU.ActiveCfg = Release|Any CPU
		{9F717B3C-AE8D-4FDB-8906-B9A18C8BF223}.Release|Any CPU.Build.0 = Release|Any CPU
	EndGlobalSection
	GlobalSection(SolutionProperties) = preSolution
		HideSolutionNode = FALSE
	EndGlobalSection
	GlobalSection(NestedProjects) = preSolution
		{8257F68D-DA90-4713-94B7-CF738B3ECD77} = {86B7C527-0674-4E4A-A369-E0C3C1CC9B31}
		{786F422B-C60C-4096-AA56-6845256C0188} = {3E025359-CE0A-4FB7-8A57-6988A19E8128}
		{43BEF24E-467E-4A80-9E76-FE48EF259852} = {3E98DC2B-3465-493C-B048-5A2BAD68D1B5}
		{FA6D17FA-9017-489D-A999-E7A869BFF07D} = {7BE8B65C-3199-448A-97C3-448BD410905D}
		{9F717B3C-AE8D-4FDB-8906-B9A18C8BF223} = {DE510BB6-3F90-4EB5-8B36-CE8CB3E85826}
	EndGlobalSection
	GlobalSection(ExtensibilityGlobals) = postSolution
		SolutionGuid = {8638730E-E218-4C59-BF1E-293B9BB74600}
	EndGlobalSection
EndGlobal
